
Microsoft Visual Studio Solution File, Format Version 12.00
# Visual Studio Version 17
VisualStudioVersion = 17.3.32929.385
MinimumVisualStudioVersion = 10.0.40219.1
Project("{9A19103F-16F7-4668-BE54-9A1E7A4F7556}") = "Projeto.Driver.Web.Api", "Projeto.Driver.Web.Api\Projeto.Driver.Web.Api.csproj", "{94332407-7884-4C58-B9CD-BE5918AD9AC1}"
EndProject
Project("{9A19103F-16F7-4668-BE54-9A1E7A4F7556}") = "Projeto.Application", "Projeto.Application\Projeto.Application.csproj", "{609D00EF-0B90-4958-A84E-354F68EF120C}"
EndProject
Project("{9A19103F-16F7-4668-BE54-9A1E7A4F7556}") = "Projeto.Driver.Web.Api.Tests.Unit", "Projeto.Driver.Web.Api.Tests.Unit\Projeto.Driver.Web.Api.Tests.Unit.csproj", "{91E8E143-E0FD-4381-B7A5-D96E504DCA36}"
EndProject
Project("{9A19103F-16F7-4668-BE54-9A1E7A4F7556}") = "Projeto.Application.Tests.Unit", "Projeto.Application.Tests.Unit\Projeto.Application.Tests.Unit.csproj", "{B41B35CB-C3F9-4C41-B2AF-F90F34D0A6F5}"
EndProject
Project("{9A19103F-16F7-4668-BE54-9A1E7A4F7556}") = "Projeto.Main", "Projeto.Main\Projeto.Main.csproj", "{00F9D144-6178-4AEB-80AB-A7C46A6C8528}"
EndProject
Project("{9A19103F-16F7-4668-BE54-9A1E7A4F7556}") = "Projeto.Domain", "Projeto.Domain\Projeto.Domain.csproj", "{B05C23C6-A612-4B16-A518-7F17A6D49192}"
EndProject
Project("{9A19103F-16F7-4668-BE54-9A1E7A4F7556}") = "Projeto.Persistence.SqlServer", "Projeto.Persistence.SqlServer\Projeto.Persistence.SqlServer.csproj", "{701566B6-F1A4-4621-BCD5-A3622B10085F}"
EndProject
Project("{9A19103F-16F7-4668-BE54-9A1E7A4F7556}") = "Projeto.Mapper", "Projeto.Mapper\Projeto.Mapper.csproj", "{6E66A034-A441-47C5-89F3-32D29398AC53}"
EndProject
Project("{9A19103F-16F7-4668-BE54-9A1E7A4F7556}") = "Projeto.Base.Common", "Projeto.Base.Common\Projeto.Base.Common.csproj", "{F8FC9FAF-7838-4E34-BC87-AD26AFD3A59C}"
EndProject
Project("{9A19103F-16F7-4668-BE54-9A1E7A4F7556}") = "Projeto.Base.Tests.Support", "Projeto.Base.Tests.Support\Projeto.Base.Tests.Support.csproj", "{E3EDD60C-352E-45B8-BF1A-F676C6956C4D}"
EndProject
Project("{FAE04EC0-301F-11D3-BF4B-00C04F79EFBC}") = "Projeto.Driver.Blazor.Wasm", "Projeto.Driver.Blazor.Wasm\Projeto.Driver.Blazor.Wasm.csproj", "{0192DE49-9C1E-44D8-9FBC-F0BCAEBBEB7D}"
EndProject
Global
	GlobalSection(SolutionConfigurationPlatforms) = preSolution
		Debug|Any CPU = Debug|Any CPU
		Release|Any CPU = Release|Any CPU
	EndGlobalSection
	GlobalSection(ProjectConfigurationPlatforms) = postSolution
		{94332407-7884-4C58-B9CD-BE5918AD9AC1}.Debug|Any CPU.ActiveCfg = Debug|Any CPU
		{94332407-7884-4C58-B9CD-BE5918AD9AC1}.Debug|Any CPU.Build.0 = Debug|Any CPU
		{94332407-7884-4C58-B9CD-BE5918AD9AC1}.Release|Any CPU.ActiveCfg = Release|Any CPU
		{94332407-7884-4C58-B9CD-BE5918AD9AC1}.Release|Any CPU.Build.0 = Release|Any CPU
		{609D00EF-0B90-4958-A84E-354F68EF120C}.Debug|Any CPU.ActiveCfg = Debug|Any CPU
		{609D00EF-0B90-4958-A84E-354F68EF120C}.Debug|Any CPU.Build.0 = Debug|Any CPU
		{609D00EF-0B90-4958-A84E-354F68EF120C}.Release|Any CPU.ActiveCfg = Release|Any CPU
		{609D00EF-0B90-4958-A84E-354F68EF120C}.Release|Any CPU.Build.0 = Release|Any CPU
		{91E8E143-E0FD-4381-B7A5-D96E504DCA36}.Debug|Any CPU.ActiveCfg = Debug|Any CPU
		{91E8E143-E0FD-4381-B7A5-D96E504DCA36}.Debug|Any CPU.Build.0 = Debug|Any CPU
		{91E8E143-E0FD-4381-B7A5-D96E504DCA36}.Release|Any CPU.ActiveCfg = Release|Any CPU
		{91E8E143-E0FD-4381-B7A5-D96E504DCA36}.Release|Any CPU.Build.0 = Release|Any CPU
		{B41B35CB-C3F9-4C41-B2AF-F90F34D0A6F5}.Debug|Any CPU.ActiveCfg = Debug|Any CPU
		{B41B35CB-C3F9-4C41-B2AF-F90F34D0A6F5}.Debug|Any CPU.Build.0 = Debug|Any CPU
		{B41B35CB-C3F9-4C41-B2AF-F90F34D0A6F5}.Release|Any CPU.ActiveCfg = Release|Any CPU
		{B41B35CB-C3F9-4C41-B2AF-F90F34D0A6F5}.Release|Any CPU.Build.0 = Release|Any CPU
		{00F9D144-6178-4AEB-80AB-A7C46A6C8528}.Debug|Any CPU.ActiveCfg = Debug|Any CPU
		{00F9D144-6178-4AEB-80AB-A7C46A6C8528}.Debug|Any CPU.Build.0 = Debug|Any CPU
		{00F9D144-6178-4AEB-80AB-A7C46A6C8528}.Release|Any CPU.ActiveCfg = Release|Any CPU
		{00F9D144-6178-4AEB-80AB-A7C46A6C8528}.Release|Any CPU.Build.0 = Release|Any CPU
		{B05C23C6-A612-4B16-A518-7F17A6D49192}.Debug|Any CPU.ActiveCfg = Debug|Any CPU
		{B05C23C6-A612-4B16-A518-7F17A6D49192}.Debug|Any CPU.Build.0 = Debug|Any CPU
		{B05C23C6-A612-4B16-A518-7F17A6D49192}.Release|Any CPU.ActiveCfg = Release|Any CPU
		{B05C23C6-A612-4B16-A518-7F17A6D49192}.Release|Any CPU.Build.0 = Release|Any CPU
		{701566B6-F1A4-4621-BCD5-A3622B10085F}.Debug|Any CPU.ActiveCfg = Debug|Any CPU
		{701566B6-F1A4-4621-BCD5-A3622B10085F}.Debug|Any CPU.Build.0 = Debug|Any CPU
		{701566B6-F1A4-4621-BCD5-A3622B10085F}.Release|Any CPU.ActiveCfg = Release|Any CPU
		{701566B6-F1A4-4621-BCD5-A3622B10085F}.Release|Any CPU.Build.0 = Release|Any CPU
		{6E66A034-A441-47C5-89F3-32D29398AC53}.Debug|Any CPU.ActiveCfg = Debug|Any CPU
		{6E66A034-A441-47C5-89F3-32D29398AC53}.Debug|Any CPU.Build.0 = Debug|Any CPU
		{6E66A034-A441-47C5-89F3-32D29398AC53}.Release|Any CPU.ActiveCfg = Release|Any CPU
		{6E66A034-A441-47C5-89F3-32D29398AC53}.Release|Any CPU.Build.0 = Release|Any CPU
		{F8FC9FAF-7838-4E34-BC87-AD26AFD3A59C}.Debug|Any CPU.ActiveCfg = Debug|Any CPU
		{F8FC9FAF-7838-4E34-BC87-AD26AFD3A59C}.Debug|Any CPU.Build.0 = Debug|Any CPU
		{F8FC9FAF-7838-4E34-BC87-AD26AFD3A59C}.Release|Any CPU.ActiveCfg = Release|Any CPU
		{F8FC9FAF-7838-4E34-BC87-AD26AFD3A59C}.Release|Any CPU.Build.0 = Release|Any CPU
		{E3EDD60C-352E-45B8-BF1A-F676C6956C4D}.Debug|Any CPU.ActiveCfg = Debug|Any CPU
		{E3EDD60C-352E-45B8-BF1A-F676C6956C4D}.Debug|Any CPU.Build.0 = Debug|Any CPU
		{E3EDD60C-352E-45B8-BF1A-F676C6956C4D}.Release|Any CPU.ActiveCfg = Release|Any CPU
		{E3EDD60C-352E-45B8-BF1A-F676C6956C4D}.Release|Any CPU.Build.0 = Release|Any CPU
		{0192DE49-9C1E-44D8-9FBC-F0BCAEBBEB7D}.Debug|Any CPU.ActiveCfg = Debug|Any CPU
		{0192DE49-9C1E-44D8-9FBC-F0BCAEBBEB7D}.Debug|Any CPU.Build.0 = Debug|Any CPU
		{0192DE49-9C1E-44D8-9FBC-F0BCAEBBEB7D}.Release|Any CPU.ActiveCfg = Release|Any CPU
		{0192DE49-9C1E-44D8-9FBC-F0BCAEBBEB7D}.Release|Any CPU.Build.0 = Release|Any CPU
	EndGlobalSection
	GlobalSection(SolutionProperties) = preSolution
		HideSolutionNode = FALSE
	EndGlobalSection
	GlobalSection(ExtensibilityGlobals) = postSolution
		SolutionGuid = {D01FC55F-6659-4CED-B3AA-0739B31AED82}
	EndGlobalSection
EndGlobal
